
Microsoft Visual Studio Solution File, Format Version 12.00
# Visual Studio Version 16
VisualStudioVersion = 16.0.30804.86
MinimumVisualStudioVersion = 10.0.40219.1
Project("{FAE04EC0-301F-11D3-BF4B-00C04F79EFBC}") = "BoatRental", "BoatRental.csproj", "{30F7FB45-48DF-4E32-BE32-16AAD9B39FDE}"
EndProject
Global
	GlobalSection(SolutionConfigurationPlatforms) = preSolution
		Debug|Any CPU = Debug|Any CPU
		Release|Any CPU = Release|Any CPU
	EndGlobalSection
	GlobalSection(ProjectConfigurationPlatforms) = postSolution
		{30F7FB45-48DF-4E32-BE32-16AAD9B39FDE}.Debug|Any CPU.ActiveCfg = Debug|Any CPU
		{30F7FB45-48DF-4E32-BE32-16AAD9B39FDE}.Debug|Any CPU.Build.0 = Debug|Any CPU
		{30F7FB45-48DF-4E32-BE32-16AAD9B39FDE}.Release|Any CPU.ActiveCfg = Release|Any CPU
		{30F7FB45-48DF-4E32-BE32-16AAD9B39FDE}.Release|Any CPU.Build.0 = Release|Any CPU
	EndGlobalSection
	GlobalSection(SolutionProperties) = preSolution
		HideSolutionNode = FALSE
	EndGlobalSection
	GlobalSection(ExtensibilityGlobals) = postSolution
		SolutionGuid = {D7DD4208-2B68-4005-A4C2-D78315CA3BDC}
	EndGlobalSection
EndGlobal
